
Microsoft Visual Studio Solution File, Format Version 12.00
# Visual Studio 15
VisualStudioVersion = 15.0.28307.572
MinimumVisualStudioVersion = 10.0.40219.1
Project("{8BC9CEB8-8B4A-11D0-8D11-00A0C91BC942}") = "TP6", "TP6\TP6.vcxproj", "{4FEC87EA-103C-4212-9CA9-DCC2F4D02CB4}"
EndProject
Global
	GlobalSection(SolutionConfigurationPlatforms) = preSolution
		Debug|x64 = Debug|x64
		Debug|x86 = Debug|x86
		Release|x64 = Release|x64
		Release|x86 = Release|x86
	EndGlobalSection
	GlobalSection(ProjectConfigurationPlatforms) = postSolution
		{4FEC87EA-103C-4212-9CA9-DCC2F4D02CB4}.Debug|x64.ActiveCfg = Debug|x64
		{4FEC87EA-103C-4212-9CA9-DCC2F4D02CB4}.Debug|x64.Build.0 = Debug|x64
		{4FEC87EA-103C-4212-9CA9-DCC2F4D02CB4}.Debug|x86.ActiveCfg = Debug|Win32
		{4FEC87EA-103C-4212-9CA9-DCC2F4D02CB4}.Debug|x86.Build.0 = Debug|Win32
		{4FEC87EA-103C-4212-9CA9-DCC2F4D02CB4}.Release|x64.ActiveCfg = Release|x64
		{4FEC87EA-103C-4212-9CA9-DCC2F4D02CB4}.Release|x64.Build.0 = Release|x64
		{4FEC87EA-103C-4212-9CA9-DCC2F4D02CB4}.Release|x86.ActiveCfg = Release|Win32
		{4FEC87EA-103C-4212-9CA9-DCC2F4D02CB4}.Release|x86.Build.0 = Release|Win32
	EndGlobalSection
	GlobalSection(SolutionProperties) = preSolution
		HideSolutionNode = FALSE
	EndGlobalSection
	GlobalSection(ExtensibilityGlobals) = postSolution
		SolutionGuid = {B3736E5D-1904-41E3-9A2C-232E1E657A8F}
	EndGlobalSection
EndGlobal
